{
  "name": "part-1",
  "version": "1.0.0",
  "lockfileVersion": 3,
  "requires": true,
  "packages": {
    "": {
      "name": "part-1",
      "version": "1.0.0",
      "license": "ISC",
      "dependencies": {
        "@huggingface/inference": "^4.13.2",
        "tiktoken": "^1.0.22"
      }
    },
    "node_modules/@huggingface/inference": {
      "version": "4.13.2",
      "resolved": "https://registry.npmjs.org/@huggingface/inference/-/inference-4.13.2.tgz",
      "integrity": "sha512-cqs/2Ni3nTiE/iIsaC4gvZboXS/4FFItL+/1WMaP8PFQEpoH1V8bjFodNvkzzFthIxuYziD9tr0N28Db2iE/zQ==",
      "license": "MIT",
      "dependencies": {
        "@huggingface/jinja": "^0.5.1",
        "@huggingface/tasks": "^0.19.63"
      },
      "engines": {
        "node": ">=18"
      }
    },
    "node_modules/@huggingface/jinja": {
      "version": "0.5.1",
      "resolved": "https://registry.npmjs.org/@huggingface/jinja/-/jinja-0.5.1.tgz",
      "integrity": "sha512-yUZLld4lrM9iFxHCwFQ7D1HW2MWMwSbeB7WzWqFYDWK+rEb+WldkLdAJxUPOmgICMHZLzZGVcVjFh3w/YGubng==",
      "license": "MIT",
      "engines": {
        "node": ">=18"
      }
    },
    "node_modules/@huggingface/tasks": {
      "version": "0.19.63",
      "resolved": "https://registry.npmjs.org/@huggingface/tasks/-/tasks-0.19.63.tgz",
      "integrity": "sha512-hmd8e5fdjRiIJE7/EYWXS+Pm2SAu89xjZEgfZddN10ubWqlelXLyj2YgHZrVDEVkVA+5+ImMZUpQIez7b2//fw==",
      "license": "MIT"
    },
    "node_modules/tiktoken": {
      "version": "1.0.22",
      "resolved": "https://registry.npmjs.org/tiktoken/-/tiktoken-1.0.22.tgz",
      "integrity": "sha512-PKvy1rVF1RibfF3JlXBSP0Jrcw2uq3yXdgcEXtKTYn3QJ/cBRBHDnrJ5jHky+MENZ6DIPwNUGWpkVx+7joCpNA==",
      "license": "MIT"
    }
  }
}
