{
  "name": "part-1",
  "version": "1.0.0",
  "lockfileVersion": 3,
  "requires": true,
  "packages": {
    "": {
      "name": "part-1",
      "version": "1.0.0",
      "license": "ISC",
      "dependencies": {
        "@huggingface/inference": "^4.13.3",
        "dotenv": "^17.2.3",
        "openai": "^6.9.0"
      }
    },
    "node_modules/@huggingface/inference": {
      "version": "4.13.3",
      "resolved": "https://registry.npmjs.org/@huggingface/inference/-/inference-4.13.3.tgz",
      "integrity": "sha512-ZpyIlO9Xd0sDiD3QZSQMsJ19iFXYOHHxrgA6pK5Mh5RMY27XlnbLNhazAAaBsmen8vWG6SlGHlyjl7kvjlNoqQ==",
      "license": "MIT",
      "dependencies": {
        "@huggingface/jinja": "^0.5.1",
        "@huggingface/tasks": "^0.19.63"
      },
      "engines": {
        "node": ">=18"
      }
    },
    "node_modules/@huggingface/jinja": {
      "version": "0.5.1",
      "resolved": "https://registry.npmjs.org/@huggingface/jinja/-/jinja-0.5.1.tgz",
      "integrity": "sha512-yUZLld4lrM9iFxHCwFQ7D1HW2MWMwSbeB7WzWqFYDWK+rEb+WldkLdAJxUPOmgICMHZLzZGVcVjFh3w/YGubng==",
      "license": "MIT",
      "engines": {
        "node": ">=18"
      }
    },
    "node_modules/@huggingface/tasks": {
      "version": "0.19.63",
      "resolved": "https://registry.npmjs.org/@huggingface/tasks/-/tasks-0.19.63.tgz",
      "integrity": "sha512-hmd8e5fdjRiIJE7/EYWXS+Pm2SAu89xjZEgfZddN10ubWqlelXLyj2YgHZrVDEVkVA+5+ImMZUpQIez7b2//fw==",
      "license": "MIT"
    },
    "node_modules/dotenv": {
      "version": "17.2.3",
      "resolved": "https://registry.npmjs.org/dotenv/-/dotenv-17.2.3.tgz",
      "integrity": "sha512-JVUnt+DUIzu87TABbhPmNfVdBDt18BLOWjMUFJMSi/Qqg7NTYtabbvSNJGOJ7afbRuv9D/lngizHtP7QyLQ+9w==",
      "license": "BSD-2-Clause",
      "engines": {
        "node": ">=12"
      },
      "funding": {
        "url": "https://dotenvx.com"
      }
    },
    "node_modules/openai": {
      "version": "6.9.0",
      "resolved": "https://registry.npmjs.org/openai/-/openai-6.9.0.tgz",
      "integrity": "sha512-n2sJRYmM+xfJ0l3OfH8eNnIyv3nQY7L08gZQu3dw6wSdfPtKAk92L83M2NIP5SS8Cl/bsBBG3yKzEOjkx0O+7A==",
      "license": "Apache-2.0",
      "bin": {
        "openai": "bin/cli"
      },
      "peerDependencies": {
        "ws": "^8.18.0",
        "zod": "^3.25 || ^4.0"
      },
      "peerDependenciesMeta": {
        "ws": {
          "optional": true
        },
        "zod": {
          "optional": true
        }
      }
    }
  }
}
